
Microsoft Visual Studio Solution File, Format Version 12.00
# Visual Studio Version 16
VisualStudioVersion = 16.0.32602.291
MinimumVisualStudioVersion = 10.0.40219.1
Project("{FAE04EC0-301F-11D3-BF4B-00C04F79EFBC}") = "Vidly", "Vidly\Vidly.csproj", "{E48BEDB1-6E89-4902-8D6C-F849E6B8CAB6}"
EndProject
Project("{FAE04EC0-301F-11D3-BF4B-00C04F79EFBC}") = "Vidly.UnitTests", "Vidly.UnitTests\Vidly.UnitTests.csproj", "{C4DFC948-44E1-4D3B-935E-D369CC21BB22}"
EndProject
Global
	GlobalSection(SolutionConfigurationPlatforms) = preSolution
		Debug|Any CPU = Debug|Any CPU
		Release|Any CPU = Release|Any CPU
		Testing|Any CPU = Testing|Any CPU
	EndGlobalSection
	GlobalSection(ProjectConfigurationPlatforms) = postSolution
		{E48BEDB1-6E89-4902-8D6C-F849E6B8CAB6}.Debug|Any CPU.ActiveCfg = Debug|Any CPU
		{E48BEDB1-6E89-4902-8D6C-F849E6B8CAB6}.Debug|Any CPU.Build.0 = Debug|Any CPU
		{E48BEDB1-6E89-4902-8D6C-F849E6B8CAB6}.Release|Any CPU.ActiveCfg = Release|Any CPU
		{E48BEDB1-6E89-4902-8D6C-F849E6B8CAB6}.Release|Any CPU.Build.0 = Release|Any CPU
		{E48BEDB1-6E89-4902-8D6C-F849E6B8CAB6}.Testing|Any CPU.ActiveCfg = Testing|Any CPU
		{E48BEDB1-6E89-4902-8D6C-F849E6B8CAB6}.Testing|Any CPU.Build.0 = Testing|Any CPU
		{C4DFC948-44E1-4D3B-935E-D369CC21BB22}.Debug|Any CPU.ActiveCfg = Debug|Any CPU
		{C4DFC948-44E1-4D3B-935E-D369CC21BB22}.Debug|Any CPU.Build.0 = Debug|Any CPU
		{C4DFC948-44E1-4D3B-935E-D369CC21BB22}.Release|Any CPU.ActiveCfg = Release|Any CPU
		{C4DFC948-44E1-4D3B-935E-D369CC21BB22}.Release|Any CPU.Build.0 = Release|Any CPU
		{C4DFC948-44E1-4D3B-935E-D369CC21BB22}.Testing|Any CPU.ActiveCfg = Debug|Any CPU
		{C4DFC948-44E1-4D3B-935E-D369CC21BB22}.Testing|Any CPU.Build.0 = Debug|Any CPU
	EndGlobalSection
	GlobalSection(SolutionProperties) = preSolution
		HideSolutionNode = FALSE
	EndGlobalSection
	GlobalSection(ExtensibilityGlobals) = postSolution
		SolutionGuid = {65B315E3-E5D0-40A0-BB2B-BB0F101CAD50}
	EndGlobalSection
EndGlobal
